
Microsoft Visual Studio Solution File, Format Version 12.00
# Visual Studio Version 17
VisualStudioVersion = 17.4.33213.308
MinimumVisualStudioVersion = 10.0.40219.1
Project("{FAE04EC0-301F-11D3-BF4B-00C04F79EFBC}") = "dynamischLotto", "dynamischLotto\dynamischLotto.csproj", "{DFEE561C-F0DE-48B4-9648-BB838F131CA2}"
EndProject
Global
	GlobalSection(SolutionConfigurationPlatforms) = preSolution
		Debug|Any CPU = Debug|Any CPU
		Release|Any CPU = Release|Any CPU
	EndGlobalSection
	GlobalSection(ProjectConfigurationPlatforms) = postSolution
		{DFEE561C-F0DE-48B4-9648-BB838F131CA2}.Debug|Any CPU.ActiveCfg = Debug|Any CPU
		{DFEE561C-F0DE-48B4-9648-BB838F131CA2}.Debug|Any CPU.Build.0 = Debug|Any CPU
		{DFEE561C-F0DE-48B4-9648-BB838F131CA2}.Release|Any CPU.ActiveCfg = Release|Any CPU
		{DFEE561C-F0DE-48B4-9648-BB838F131CA2}.Release|Any CPU.Build.0 = Release|Any CPU
	EndGlobalSection
	GlobalSection(SolutionProperties) = preSolution
		HideSolutionNode = FALSE
	EndGlobalSection
	GlobalSection(ExtensibilityGlobals) = postSolution
		SolutionGuid = {47AC8E61-D7E8-4FB9-9A2A-541D7644F14C}
	EndGlobalSection
EndGlobal
