
Microsoft Visual Studio Solution File, Format Version 12.00
# Visual Studio Version 17
VisualStudioVersion = 17.4.33213.308
MinimumVisualStudioVersion = 10.0.40219.1
Project("{FAE04EC0-301F-11D3-BF4B-00C04F79EFBC}") = "Zahlen_durch_funf", "Zahlen_durch_funf\Zahlen_durch_funf.csproj", "{4BE668EF-39A3-4CBB-AB6B-6130DE2FEB8B}"
EndProject
Global
	GlobalSection(SolutionConfigurationPlatforms) = preSolution
		Debug|Any CPU = Debug|Any CPU
		Release|Any CPU = Release|Any CPU
	EndGlobalSection
	GlobalSection(ProjectConfigurationPlatforms) = postSolution
		{4BE668EF-39A3-4CBB-AB6B-6130DE2FEB8B}.Debug|Any CPU.ActiveCfg = Debug|Any CPU
		{4BE668EF-39A3-4CBB-AB6B-6130DE2FEB8B}.Debug|Any CPU.Build.0 = Debug|Any CPU
		{4BE668EF-39A3-4CBB-AB6B-6130DE2FEB8B}.Release|Any CPU.ActiveCfg = Release|Any CPU
		{4BE668EF-39A3-4CBB-AB6B-6130DE2FEB8B}.Release|Any CPU.Build.0 = Release|Any CPU
	EndGlobalSection
	GlobalSection(SolutionProperties) = preSolution
		HideSolutionNode = FALSE
	EndGlobalSection
	GlobalSection(ExtensibilityGlobals) = postSolution
		SolutionGuid = {AF69489E-8A3B-4456-855B-6356ADE78D89}
	EndGlobalSection
EndGlobal
