
Microsoft Visual Studio Solution File, Format Version 12.00
# Visual Studio Version 17
VisualStudioVersion = 17.4.33213.308
MinimumVisualStudioVersion = 10.0.40219.1
Project("{FAE04EC0-301F-11D3-BF4B-00C04F79EFBC}") = "Coffeee", "Coffeee\Coffeee.csproj", "{146ED041-D066-496E-BFF7-1EF253A18355}"
EndProject
Global
	GlobalSection(SolutionConfigurationPlatforms) = preSolution
		Debug|Any CPU = Debug|Any CPU
		Release|Any CPU = Release|Any CPU
	EndGlobalSection
	GlobalSection(ProjectConfigurationPlatforms) = postSolution
		{146ED041-D066-496E-BFF7-1EF253A18355}.Debug|Any CPU.ActiveCfg = Debug|Any CPU
		{146ED041-D066-496E-BFF7-1EF253A18355}.Debug|Any CPU.Build.0 = Debug|Any CPU
		{146ED041-D066-496E-BFF7-1EF253A18355}.Release|Any CPU.ActiveCfg = Release|Any CPU
		{146ED041-D066-496E-BFF7-1EF253A18355}.Release|Any CPU.Build.0 = Release|Any CPU
	EndGlobalSection
	GlobalSection(SolutionProperties) = preSolution
		HideSolutionNode = FALSE
	EndGlobalSection
	GlobalSection(ExtensibilityGlobals) = postSolution
		SolutionGuid = {FF982386-8694-4F56-BCE0-2DDE99A0ECD9}
	EndGlobalSection
EndGlobal
