
Microsoft Visual Studio Solution File, Format Version 12.00
# Visual Studio Version 17
VisualStudioVersion = 17.4.33213.308
MinimumVisualStudioVersion = 10.0.40219.1
Project("{FAE04EC0-301F-11D3-BF4B-00C04F79EFBC}") = "rechteck-prop", "rechteck-prop\rechteck-prop.csproj", "{C68CFDAD-167B-44C5-98E2-8DA41B8E5945}"
EndProject
Global
	GlobalSection(SolutionConfigurationPlatforms) = preSolution
		Debug|Any CPU = Debug|Any CPU
		Release|Any CPU = Release|Any CPU
	EndGlobalSection
	GlobalSection(ProjectConfigurationPlatforms) = postSolution
		{C68CFDAD-167B-44C5-98E2-8DA41B8E5945}.Debug|Any CPU.ActiveCfg = Debug|Any CPU
		{C68CFDAD-167B-44C5-98E2-8DA41B8E5945}.Debug|Any CPU.Build.0 = Debug|Any CPU
		{C68CFDAD-167B-44C5-98E2-8DA41B8E5945}.Release|Any CPU.ActiveCfg = Release|Any CPU
		{C68CFDAD-167B-44C5-98E2-8DA41B8E5945}.Release|Any CPU.Build.0 = Release|Any CPU
	EndGlobalSection
	GlobalSection(SolutionProperties) = preSolution
		HideSolutionNode = FALSE
	EndGlobalSection
	GlobalSection(ExtensibilityGlobals) = postSolution
		SolutionGuid = {EB33D730-A546-46CC-9996-59D27B9EE790}
	EndGlobalSection
EndGlobal
